// !$*UTF8*$!
{
	archiveVersion = 1;
	classes = {
	};
	objectVersion = 50;
	objects = {

/* Begin PBXBuildFile section */
		B185A93C219676C800890396 /* AppDelegate.swift in Sources */ = {isa = PBXBuildFile; fileRef = B185A93B219676C800890396 /* AppDelegate.swift */; };
		B185A93E219676C800890396 /* ViewController.swift in Sources */ = {isa = PBXBuildFile; fileRef = B185A93D219676C800890396 /* ViewController.swift */; };
		B185A941219676C800890396 /* Main.storyboard in Resources */ = {isa = PBXBuildFile; fileRef = B185A93F219676C800890396 /* Main.storyboard */; };
		B185A943219676CC00890396 /* Assets.xcassets in Resources */ = {isa = PBXBuildFile; fileRef = B185A942219676CC00890396 /* Assets.xcassets */; };
		B185A946219676CC00890396 /* LaunchScreen.storyboard in Resources */ = {isa = PBXBuildFile; fileRef = B185A944219676CC00890396 /* LaunchScreen.storyboard */; };
		B185A951219676CC00890396 /* Hachi_IntroTests.swift in Sources */ = {isa = PBXBuildFile; fileRef = B185A950219676CC00890396 /* Hachi_IntroTests.swift */; };
/* End PBXBuildFile section */

/* Begin PBXContainerItemProxy section */
		B185A94D219676CC00890396 /* PBXContainerItemProxy */ = {
			isa = PBXContainerItemProxy;
			containerPortal = B185A930219676C700890396 /* Project object */;
			proxyType = 1;
			remoteGlobalIDString = B185A937219676C700890396;
			remoteInfo = "Hachi Intro";
		};
/* End PBXContainerItemProxy section */

/* Begin PBXFileReference section */
		B185A938219676C800890396 /* Hachi Intro.app */ = {isa = PBXFileReference; explicitFileType = wrapper.application; includeInIndex = 0; path = "Hachi Intro.app"; sourceTree = BUILT_PRODUCTS_DIR; };
		B185A93B219676C800890396 /* AppDelegate.swift */ = {isa = PBXFileReference; lastKnownFileType = sourcecode.swift; path = AppDelegate.swift; sourceTree = "<group>"; };
		B185A93D219676C800890396 /* ViewController.swift */ = {isa = PBXFileReference; lastKnownFileType = sourcecode.swift; path = ViewController.swift; sourceTree = "<group>"; };
		B185A940219676C800890396 /* Base */ = {isa = PBXFileReference; lastKnownFileType = file.storyboard; name = Base; path = Base.lproj/Main.storyboard; sourceTree = "<group>"; };
		B185A942219676CC00890396 /* Assets.xcassets */ = {isa = PBXFileReference; lastKnownFileType = folder.assetcatalog; path = Assets.xcassets; sourceTree = "<group>"; };
		B185A945219676CC00890396 /* Base */ = {isa = PBXFileReference; lastKnownFileType = file.storyboard; name = Base; path = Base.lproj/LaunchScreen.storyboard; sourceTree = "<group>"; };
		B185A947219676CC00890396 /* Info.plist */ = {isa = PBXFileReference; lastKnownFileType = text.plist.xml; path = Info.plist; sourceTree = "<group>"; };
		B185A94C219676CC00890396 /* Hachi IntroTests.xctest */ = {isa = PBXFileReference; explicitFileType = wrapper.cfbundle; includeInIndex = 0; path = "Hachi IntroTests.xctest"; sourceTree = BUILT_PRODUCTS_DIR; };
		B185A950219676CC00890396 /* Hachi_IntroTests.swift */ = {isa = PBXFileReference; lastKnownFileType = sourcecode.swift; path = Hachi_IntroTests.swift; sourceTree = "<group>"; };
		B185A952219676CC00890396 /* Info.plist */ = {isa = PBXFileReference; lastKnownFileType = text.plist.xml; path = Info.plist; sourceTree = "<group>"; };
/* End PBXFileReference section */

/* Begin PBXFrameworksBuildPhase section */
		B185A935219676C700890396 /* Frameworks */ = {
			isa = PBXFrameworksBuildPhase;
			buildActionMask = 2147483647;
			files = (
			);
			runOnlyForDeploymentPostprocessing = 0;
		};
		B185A949219676CC00890396 /* Frameworks */ = {
			isa = PBXFrameworksBuildPhase;
			buildActionMask = 2147483647;
			files = (
			);
			runOnlyForDeploymentPostprocessing = 0;
		};
/* End PBXFrameworksBuildPhase section */

/* Begin PBXGroup section */
		B185A92F219676C700890396 = {
			isa = PBXGroup;
			children = (
				B185A93A219676C800890396 /* Hachi Intro */,
				B185A94F219676CC00890396 /* Hachi IntroTests */,
				B185A939219676C800890396 /* Products */,
			);
			sourceTree = "<group>";
		};
		B185A939219676C800890396 /* Products */ = {
			isa = PBXGroup;
			children = (
				B185A938219676C800890396 /* Hachi Intro.app */,
				B185A94C219676CC00890396 /* Hachi IntroTests.xctest */,
			);
			name = Products;
			sourceTree = "<group>";
		};
		B185A93A219676C800890396 /* Hachi Intro */ = {
			isa = PBXGroup;
			children = (
				B185A93B219676C800890396 /* AppDelegate.swift */,
				B185A93D219676C800890396 /* ViewController.swift */,
				B185A93F219676C800890396 /* Main.storyboard */,
				B185A942219676CC00890396 /* Assets.xcassets */,
				B185A944219676CC00890396 /* LaunchScreen.storyboard */,
				B185A947219676CC00890396 /* Info.plist */,
			);
			path = "Hachi Intro";
			sourceTree = "<group>";
		};
		B185A94F219676CC00890396 /* Hachi IntroTests */ = {
			isa = PBXGroup;
			children = (
				B185A950219676CC00890396 /* Hachi_IntroTests.swift */,
				B185A952219676CC00890396 /* Info.plist */,
			);
			path = "Hachi IntroTests";
			sourceTree = "<group>";
		};
/* End PBXGroup section */

/* Begin PBXNativeTarget section */
		B185A937219676C700890396 /* Hachi Intro */ = {
			isa = PBXNativeTarget;
			buildConfigurationList = B185A955219676CC00890396 /* Build configuration list for PBXNativeTarget "Hachi Intro" */;
			buildPhases = (
				B185A934219676C700890396 /* Sources */,
				B185A935219676C700890396 /* Frameworks */,
				B185A936219676C700890396 /* Resources */,
			);
			buildRules = (
			);
			dependencies = (
			);
			name = "Hachi Intro";
			productName = "Hachi Intro";
			productReference = B185A938219676C800890396 /* Hachi Intro.app */;
			productType = "com.apple.product-type.application";
		};
		B185A94B219676CC00890396 /* Hachi IntroTests */ = {
			isa = PBXNativeTarget;
			buildConfigurationList = B185A958219676CC00890396 /* Build configuration list for PBXNativeTarget "Hachi IntroTests" */;
			buildPhases = (
				B185A948219676CC00890396 /* Sources */,
				B185A949219676CC00890396 /* Frameworks */,
				B185A94A219676CC00890396 /* Resources */,
			);
			buildRules = (
			);
			dependencies = (
				B185A94E219676CC00890396 /* PBXTargetDependency */,
			);
			name = "Hachi IntroTests";
			productName = "Hachi IntroTests";
			productReference = B185A94C219676CC00890396 /* Hachi IntroTests.xctest */;
			productType = "com.apple.product-type.bundle.unit-test";
		};
/* End PBXNativeTarget section */

/* Begin PBXProject section */
		B185A930219676C700890396 /* Project object */ = {
			isa = PBXProject;
			attributes = {
				LastSwiftUpdateCheck = 1010;
				LastUpgradeCheck = 1010;
				ORGANIZATIONNAME = "Rona Tsai";
				TargetAttributes = {
					B185A937219676C700890396 = {
						CreatedOnToolsVersion = 10.1;
					};
					B185A94B219676CC00890396 = {
						CreatedOnToolsVersion = 10.1;
						TestTargetID = B185A937219676C700890396;
					};
				};
			};
			buildConfigurationList = B185A933219676C700890396 /* Build configuration list for PBXProject "Hachi Intro" */;
			compatibilityVersion = "Xcode 9.3";
			developmentRegion = en;
			hasScannedForEncodings = 0;
			knownRegions = (
				en,
				Base,
			);
			mainGroup = B185A92F219676C700890396;
			productRefGroup = B185A939219676C800890396 /* Products */;
			projectDirPath = "";
			projectRoot = "";
			targets = (
				B185A937219676C700890396 /* Hachi Intro */,
				B185A94B219676CC00890396 /* Hachi IntroTests */,
			);
		};
/* End PBXProject section */

/* Begin PBXResourcesBuildPhase section */
		B185A936219676C700890396 /* Resources */ = {
			isa = PBXResourcesBuildPhase;
			buildActionMask = 2147483647;
			files = (
				B185A946219676CC00890396 /* LaunchScreen.storyboard in Resources */,
				B185A943219676CC00890396 /* Assets.xcassets in Resources */,
				B185A941219676C800890396 /* Main.storyboard in Resources */,
			);
			runOnlyForDeploymentPostprocessing = 0;
		};
		B185A94A219676CC00890396 /* Resources */ = {
			isa = PBXResourcesBuildPhase;
			buildActionMask = 2147483647;
			files = (
			);
			runOnlyForDeploymentPostprocessing = 0;
		};
/* End PBXResourcesBuildPhase section */

/* Begin PBXSourcesBuildPhase section */
		B185A934219676C700890396 /* Sources */ = {
			isa = PBXSourcesBuildPhase;
			buildActionMask = 2147483647;
			files = (
				B185A93E219676C800890396 /* ViewController.swift in Sources */,
				B185A93C219676C800890396 /* AppDelegate.swift in Sources */,
			);
			runOnlyForDeploymentPostprocessing = 0;
		};
		B185A948219676CC00890396 /* Sources */ = {
			isa = PBXSourcesBuildPhase;
			buildActionMask = 2147483647;
			files = (
				B185A951219676CC00890396 /* Hachi_IntroTests.swift in Sources */,
			);
			runOnlyForDeploymentPostprocessing = 0;
		};
/* End PBXSourcesBuildPhase section */

/* Begin PBXTargetDependency section */
		B185A94E219676CC00890396 /* PBXTargetDependency */ = {
			isa = PBXTargetDependency;
			target = B185A937219676C700890396 /* Hachi Intro */;
			targetProxy = B185A94D219676CC00890396 /* PBXContainerItemProxy */;
		};
/* End PBXTargetDependency section */

/* Begin PBXVariantGroup section */
		B185A93F219676C800890396 /* Main.storyboard */ = {
			isa = PBXVariantGroup;
			children = (
				B185A940219676C800890396 /* Base */,
			);
			name = Main.storyboard;
			sourceTree = "<group>";
		};
		B185A944219676CC00890396 /* LaunchScreen.storyboard */ = {
			isa = PBXVariantGroup;
			children = (
				B185A945219676CC00890396 /* Base */,
			);
			name = LaunchScreen.storyboard;
			sourceTree = "<group>";
		};
/* End PBXVariantGroup section */

/* Begin XCBuildConfiguration section */
		B185A953219676CC00890396 /* Debug */ = {
			isa = XCBuildConfiguration;
			buildSettings = {
				ALWAYS_SEARCH_USER_PATHS = NO;
				CLANG_ANALYZER_NONNULL = YES;
				CLANG_ANALYZER_NUMBER_OBJECT_CONVERSION = YES_AGGRESSIVE;
				CLANG_CXX_LANGUAGE_STANDARD = "gnu++14";
				CLANG_CXX_LIBRARY = "libc++";
				CLANG_ENABLE_MODULES = YES;
				CLANG_ENABLE_OBJC_ARC = YES;
				CLANG_ENABLE_OBJC_WEAK = YES;
				CLANG_WARN_BLOCK_CAPTURE_AUTORELEASING = YES;
				CLANG_WARN_BOOL_CONVERSION = YES;
				CLANG_WARN_COMMA = YES;
				CLANG_WARN_CONSTANT_CONVERSION = YES;
				CLANG_WARN_DEPRECATED_OBJC_IMPLEMENTATIONS = YES;
				CLANG_WARN_DIRECT_OBJC_ISA_USAGE = YES_ERROR;
				CLANG_WARN_DOCUMENTATION_COMMENTS = YES;
				CLANG_WARN_EMPTY_BODY = YES;
				CLANG_WARN_ENUM_CONVERSION = YES;
				CLANG_WARN_INFINITE_RECURSION = YES;
				CLANG_WARN_INT_CONVERSION = YES;
				CLANG_WARN_NON_LITERAL_NULL_CONVERSION = YES;
				CLANG_WARN_OBJC_IMPLICIT_RETAIN_SELF = YES;
				CLANG_WARN_OBJC_LITERAL_CONVERSION = YES;
				CLANG_WARN_OBJC_ROOT_CLASS = YES_ERROR;
				CLANG_WARN_RANGE_LOOP_ANALYSIS = YES;
				CLANG_WARN_STRICT_PROTOTYPES = YES;
				CLANG_WARN_SUSPICIOUS_MOVE = YES;
				CLANG_WARN_UNGUARDED_AVAILABILITY = YES_AGGRESSIVE;
				CLANG_WARN_UNREACHABLE_CODE = YES;
				CLANG_WARN__DUPLICATE_METHOD_MATCH = YES;
				CODE_SIGN_IDENTITY = "iPhone Developer";
				COPY_PHASE_STRIP = NO;
				DEBUG_INFORMATION_FORMAT = dwarf;
				ENABLE_STRICT_OBJC_MSGSEND = YES;
				ENABLE_TESTABILITY = YES;
				GCC_C_LANGUAGE_STANDARD = gnu11;
				GCC_DYNAMIC_NO_PIC = NO;
				GCC_NO_COMMON_BLOCKS = YES;
				GCC_OPTIMIZATION_LEVEL = 0;
				GCC_PREPROCESSOR_DEFINITIONS = (
					"DEBUG=1",
					"$(inherited)",
				);
				GCC_WARN_64_TO_32_BIT_CONVERSION = YES;
				GCC_WARN_ABOUT_RETURN_TYPE = YES_ERROR;
				GCC_WARN_UNDECLARED_SELECTOR = YES;
				GCC_WARN_UNINITIALIZED_AUTOS = YES_AGGRESSIVE;
				GCC_WARN_UNUSED_FUNCTION = YES;
				GCC_WARN_UNUSED_VARIABLE = YES;
				IPHONEOS_DEPLOYMENT_TARGET = 12.1;
				MTL_ENABLE_DEBUG_INFO = INCLUDE_SOURCE;
				MTL_FAST_MATH = YES;
				ONLY_ACTIVE_ARCH = YES;
				SDKROOT = iphoneos;
				SWIFT_ACTIVE_COMPILATION_CONDITIONS = DEBUG;
				SWIFT_OPTIMIZATION_LEVEL = "-Onone";
			};
			name = Debug;
		};
		B185A954219676CC00890396 /* Release */ = {
			isa = XCBuildConfiguration;
			buildSettings = {
				ALWAYS_SEARCH_USER_PATHS = NO;
				CLANG_ANALYZER_NONNULL = YES;
				CLANG_ANALYZER_NUMBER_OBJECT_CONVERSION = YES_AGGRESSIVE;
				CLANG_CXX_LANGUAGE_STANDARD = "gnu++14";
				CLANG_CXX_LIBRARY = "libc++";
				CLANG_ENABLE_MODULES = YES;
				CLANG_ENABLE_OBJC_ARC = YES;
				CLANG_ENABLE_OBJC_WEAK = YES;
				CLANG_WARN_BLOCK_CAPTURE_AUTORELEASING = YES;
				CLANG_WARN_BOOL_CONVERSION = YES;
				CLANG_WARN_COMMA = YES;
				CLANG_WARN_CONSTANT_CONVERSION = YES;
				CLANG_WARN_DEPRECATED_OBJC_IMPLEMENTATIONS = YES;
				CLANG_WARN_DIRECT_OBJC_ISA_USAGE = YES_ERROR;
				CLANG_WARN_DOCUMENTATION_COMMENTS = YES;
				CLANG_WARN_EMPTY_BODY = YES;
				CLANG_WARN_ENUM_CONVERSION = YES;
				CLANG_WARN_INFINITE_RECURSION = YES;
				CLANG_WARN_INT_CONVERSION = YES;
				CLANG_WARN_NON_LITERAL_NULL_CONVERSION = YES;
				CLANG_WARN_OBJC_IMPLICIT_RETAIN_SELF = YES;
				CLANG_WARN_OBJC_LITERAL_CONVERSION = YES;
				CLANG_WARN_OBJC_ROOT_CLASS = YES_ERROR;
				CLANG_WARN_RANGE_LOOP_ANALYSIS = YES;
				CLANG_WARN_STRICT_PROTOTYPES = YES;
				CLANG_WARN_SUSPICIOUS_MOVE = YES;
				CLANG_WARN_UNGUARDED_AVAILABILITY = YES_AGGRESSIVE;
				CLANG_WARN_UNREACHABLE_CODE = YES;
				CLANG_WARN__DUPLICATE_METHOD_MATCH = YES;
				CODE_SIGN_IDENTITY = "iPhone Developer";
				COPY_PHASE_STRIP = NO;
				DEBUG_INFORMATION_FORMAT = "dwarf-with-dsym";
				ENABLE_NS_ASSERTIONS = NO;
				ENABLE_STRICT_OBJC_MSGSEND = YES;
				GCC_C_LANGUAGE_STANDARD = gnu11;
				GCC_NO_COMMON_BLOCKS = YES;
				GCC_WARN_64_TO_32_BIT_CONVERSION = YES;
				GCC_WARN_ABOUT_RETURN_TYPE = YES_ERROR;
				GCC_WARN_UNDECLARED_SELECTOR = YES;
				GCC_WARN_UNINITIALIZED_AUTOS = YES_AGGRESSIVE;
				GCC_WARN_UNUSED_FUNCTION = YES;
				GCC_WARN_UNUSED_VARIABLE = YES;
				IPHONEOS_DEPLOYMENT_TARGET = 12.1;
				MTL_ENABLE_DEBUG_INFO = NO;
				MTL_FAST_MATH = YES;
				SDKROOT = iphoneos;
				SWIFT_COMPILATION_MODE = wholemodule;
				SWIFT_OPTIMIZATION_LEVEL = "-O";
				VALIDATE_PRODUCT = YES;
			};
			name = Release;
		};
		B185A956219676CC00890396 /* Debug */ = {
			isa = XCBuildConfiguration;
			buildSettings = {
				ASSETCATALOG_COMPILER_APPICON_NAME = AppIcon;
				CODE_SIGN_STYLE = Automatic;
				DEVELOPMENT_TEAM = J58GX79XLC;
				INFOPLIST_FILE = "Hachi Intro/Info.plist";
				LD_RUNPATH_SEARCH_PATHS = (
					"$(inherited)",
					"@executable_path/Frameworks",
				);
				PRODUCT_BUNDLE_IDENTIFIER = "RT.Hachi-Intro";
				PRODUCT_NAME = "$(TARGET_NAME)";
				SWIFT_VERSION = 4.2;
				TARGETED_DEVICE_FAMILY = "1,2";
			};
			name = Debug;
		};
		B185A957219676CC00890396 /* Release */ = {
			isa = XCBuildConfiguration;
			buildSettings = {
				ASSETCATALOG_COMPILER_APPICON_NAME = AppIcon;
				CODE_SIGN_STYLE = Automatic;
				DEVELOPMENT_TEAM = J58GX79XLC;
				INFOPLIST_FILE = "Hachi Intro/Info.plist";
				LD_RUNPATH_SEARCH_PATHS = (
					"$(inherited)",
					"@executable_path/Frameworks",
				);
				PRODUCT_BUNDLE_IDENTIFIER = "RT.Hachi-Intro";
				PRODUCT_NAME = "$(TARGET_NAME)";
				SWIFT_VERSION = 4.2;
				TARGETED_DEVICE_FAMILY = "1,2";
			};
			name = Release;
		};
		B185A959219676CC00890396 /* Debug */ = {
			isa = XCBuildConfiguration;
			buildSettings = {
				ALWAYS_EMBED_SWIFT_STANDARD_LIBRARIES = YES;
				BUNDLE_LOADER = "$(TEST_HOST)";
				CODE_SIGN_STYLE = Automatic;
				DEVELOPMENT_TEAM = J58GX79XLC;
				INFOPLIST_FILE = "Hachi IntroTests/Info.plist";
				LD_RUNPATH_SEARCH_PATHS = (
					"$(inherited)",
					"@executable_path/Frameworks",
					"@loader_path/Frameworks",
				);
				PRODUCT_BUNDLE_IDENTIFIER = "RT.Hachi-IntroTests";
				PRODUCT_NAME = "$(TARGET_NAME)";
				SWIFT_VERSION = 4.2;
				TARGETED_DEVICE_FAMILY = "1,2";
				TEST_HOST = "$(BUILT_PRODUCTS_DIR)/Hachi Intro.app/Hachi Intro";
			};
			name = Debug;
		};
		B185A95A219676CC00890396 /* Release */ = {
			isa = XCBuildConfiguration;
			buildSettings = {
				ALWAYS_EMBED_SWIFT_STANDARD_LIBRARIES = YES;
				BUNDLE_LOADER = "$(TEST_HOST)";
				CODE_SIGN_STYLE = Automatic;
				DEVELOPMENT_TEAM = J58GX79XLC;
				INFOPLIST_FILE = "Hachi IntroTests/Info.plist";
				LD_RUNPATH_SEARCH_PATHS = (
					"$(inherited)",
					"@executable_path/Frameworks",
					"@loader_path/Frameworks",
				);
				PRODUCT_BUNDLE_IDENTIFIER = "RT.Hachi-IntroTests";
				PRODUCT_NAME = "$(TARGET_NAME)";
				SWIFT_VERSION = 4.2;
				TARGETED_DEVICE_FAMILY = "1,2";
				TEST_HOST = "$(BUILT_PRODUCTS_DIR)/Hachi Intro.app/Hachi Intro";
			};
			name = Release;
		};
/* End XCBuildConfiguration section */

/* Begin XCConfigurationList section */
		B185A933219676C700890396 /* Build configuration list for PBXProject "Hachi Intro" */ = {
			isa = XCConfigurationList;
			buildConfigurations = (
				B185A953219676CC00890396 /* Debug */,
				B185A954219676CC00890396 /* Release */,
			);
			defaultConfigurationIsVisible = 0;
			defaultConfigurationName = Release;
		};
		B185A955219676CC00890396 /* Build configuration list for PBXNativeTarget "Hachi Intro" */ = {
			isa = XCConfigurationList;
			buildConfigurations = (
				B185A956219676CC00890396 /* Debug */,
				B185A957219676CC00890396 /* Release */,
			);
			defaultConfigurationIsVisible = 0;
			defaultConfigurationName = Release;
		};
		B185A958219676CC00890396 /* Build configuration list for PBXNativeTarget "Hachi IntroTests" */ = {
			isa = XCConfigurationList;
			buildConfigurations = (
				B185A959219676CC00890396 /* Debug */,
				B185A95A219676CC00890396 /* Release */,
			);
			defaultConfigurationIsVisible = 0;
			defaultConfigurationName = Release;
		};
/* End XCConfigurationList section */
	};
	rootObject = B185A930219676C700890396 /* Project object */;
}
